
Microsoft Visual Studio Solution File, Format Version 12.00
# Visual Studio Version 16
VisualStudioVersion = 16.0.29905.134
MinimumVisualStudioVersion = 10.0.40219.1
Project("{9A19103F-16F7-4668-BE54-9A1E7A4F7556}") = "Travel", "Travel\Travel.csproj", "{33E58E87-2E95-4C34-9A51-17B35428FD0A}"
EndProject
Project("{2150E333-8FDC-42A3-9474-1A3956D46DE8}") = "src", "src", "{26770EE8-743C-4940-A406-F81143D61061}"
EndProject
Project("{9A19103F-16F7-4668-BE54-9A1E7A4F7556}") = "Travel.Api.Models", "Travel.Api.Models\Travel.Api.Models.csproj", "{B5C0CD44-630B-4A59-AC6A-90DD07577426}"
EndProject
Project("{9A19103F-16F7-4668-BE54-9A1E7A4F7556}") = "Travel.Data.Access", "Travel.Data.Access\Travel.Data.Access.csproj", "{4166A065-5901-48EF-A6C3-92C751F21597}"
EndProject
Project("{9A19103F-16F7-4668-BE54-9A1E7A4F7556}") = "Travel.Data.Model", "Travel.Data.Model\Travel.Data.Model.csproj", "{9FB49BF9-F198-4EE0-8742-D0089E2DEE22}"
EndProject
Project("{9A19103F-16F7-4668-BE54-9A1E7A4F7556}") = "Travel.Queries", "Travel.Queries\Travel.Queries.csproj", "{42171D71-8403-44C3-B571-80B8B140DCC0}"
EndProject
Project("{9A19103F-16F7-4668-BE54-9A1E7A4F7556}") = "Travel.Security", "Travel.Security\Travel.Security.csproj", "{CE597756-3B11-453A-AF67-2003BD8A0CDF}"
EndProject
Project("{2150E333-8FDC-42A3-9474-1A3956D46DE8}") = "tests", "tests", "{A999BC5C-DC20-48DB-A69F-3290DE14F2BE}"
EndProject
Project("{9A19103F-16F7-4668-BE54-9A1E7A4F7556}") = "Travel.Api.IntegrationTests", "Travel.Api.IntegrationTests\Travel.Api.IntegrationTests.csproj", "{8906C83B-2948-4507-9EB5-6C4C7CCEFDDE}"
EndProject
Project("{9A19103F-16F7-4668-BE54-9A1E7A4F7556}") = "Travel.Queries.Tests", "Travel.Queries.Tests\Travel.Queries.Tests.csproj", "{A8E6B447-7F8F-4D12-8FCD-7561565E7F0C}"
EndProject
Project("{9A19103F-16F7-4668-BE54-9A1E7A4F7556}") = "Travel.Contracts", "Travel.Contracts\Travel.Contracts.csproj", "{34405E1F-DE4A-4039-8D16-630E3B231320}"
EndProject
Project("{9A19103F-16F7-4668-BE54-9A1E7A4F7556}") = "Travel.Api.Common", "Travel.Api.Common\Travel.Api.Common.csproj", "{71F018A5-14C7-4178-9491-106ACFAFFB77}"
EndProject
Project("{FAE04EC0-301F-11D3-BF4B-00C04F79EFBC}") = "Travel.Communication", "Travel.Communication\Travel.Communication.csproj", "{8523BDC3-F450-46F2-A032-1257A72EAB3F}"
EndProject
Global
	GlobalSection(SolutionConfigurationPlatforms) = preSolution
		Debug|Any CPU = Debug|Any CPU
		Release|Any CPU = Release|Any CPU
	EndGlobalSection
	GlobalSection(ProjectConfigurationPlatforms) = postSolution
		{33E58E87-2E95-4C34-9A51-17B35428FD0A}.Debug|Any CPU.ActiveCfg = Debug|Any CPU
		{33E58E87-2E95-4C34-9A51-17B35428FD0A}.Debug|Any CPU.Build.0 = Debug|Any CPU
		{33E58E87-2E95-4C34-9A51-17B35428FD0A}.Release|Any CPU.ActiveCfg = Release|Any CPU
		{33E58E87-2E95-4C34-9A51-17B35428FD0A}.Release|Any CPU.Build.0 = Release|Any CPU
		{B5C0CD44-630B-4A59-AC6A-90DD07577426}.Debug|Any CPU.ActiveCfg = Debug|Any CPU
		{B5C0CD44-630B-4A59-AC6A-90DD07577426}.Debug|Any CPU.Build.0 = Debug|Any CPU
		{B5C0CD44-630B-4A59-AC6A-90DD07577426}.Release|Any CPU.ActiveCfg = Release|Any CPU
		{B5C0CD44-630B-4A59-AC6A-90DD07577426}.Release|Any CPU.Build.0 = Release|Any CPU
		{4166A065-5901-48EF-A6C3-92C751F21597}.Debug|Any CPU.ActiveCfg = Debug|Any CPU
		{4166A065-5901-48EF-A6C3-92C751F21597}.Debug|Any CPU.Build.0 = Debug|Any CPU
		{4166A065-5901-48EF-A6C3-92C751F21597}.Release|Any CPU.ActiveCfg = Release|Any CPU
		{4166A065-5901-48EF-A6C3-92C751F21597}.Release|Any CPU.Build.0 = Release|Any CPU
		{9FB49BF9-F198-4EE0-8742-D0089E2DEE22}.Debug|Any CPU.ActiveCfg = Debug|Any CPU
		{9FB49BF9-F198-4EE0-8742-D0089E2DEE22}.Debug|Any CPU.Build.0 = Debug|Any CPU
		{9FB49BF9-F198-4EE0-8742-D0089E2DEE22}.Release|Any CPU.ActiveCfg = Release|Any CPU
		{9FB49BF9-F198-4EE0-8742-D0089E2DEE22}.Release|Any CPU.Build.0 = Release|Any CPU
		{42171D71-8403-44C3-B571-80B8B140DCC0}.Debug|Any CPU.ActiveCfg = Debug|Any CPU
		{42171D71-8403-44C3-B571-80B8B140DCC0}.Debug|Any CPU.Build.0 = Debug|Any CPU
		{42171D71-8403-44C3-B571-80B8B140DCC0}.Release|Any CPU.ActiveCfg = Release|Any CPU
		{42171D71-8403-44C3-B571-80B8B140DCC0}.Release|Any CPU.Build.0 = Release|Any CPU
		{CE597756-3B11-453A-AF67-2003BD8A0CDF}.Debug|Any CPU.ActiveCfg = Debug|Any CPU
		{CE597756-3B11-453A-AF67-2003BD8A0CDF}.Debug|Any CPU.Build.0 = Debug|Any CPU
		{CE597756-3B11-453A-AF67-2003BD8A0CDF}.Release|Any CPU.ActiveCfg = Release|Any CPU
		{CE597756-3B11-453A-AF67-2003BD8A0CDF}.Release|Any CPU.Build.0 = Release|Any CPU
		{8906C83B-2948-4507-9EB5-6C4C7CCEFDDE}.Debug|Any CPU.ActiveCfg = Debug|Any CPU
		{8906C83B-2948-4507-9EB5-6C4C7CCEFDDE}.Debug|Any CPU.Build.0 = Debug|Any CPU
		{8906C83B-2948-4507-9EB5-6C4C7CCEFDDE}.Release|Any CPU.ActiveCfg = Release|Any CPU
		{8906C83B-2948-4507-9EB5-6C4C7CCEFDDE}.Release|Any CPU.Build.0 = Release|Any CPU
		{A8E6B447-7F8F-4D12-8FCD-7561565E7F0C}.Debug|Any CPU.ActiveCfg = Debug|Any CPU
		{A8E6B447-7F8F-4D12-8FCD-7561565E7F0C}.Debug|Any CPU.Build.0 = Debug|Any CPU
		{A8E6B447-7F8F-4D12-8FCD-7561565E7F0C}.Release|Any CPU.ActiveCfg = Release|Any CPU
		{A8E6B447-7F8F-4D12-8FCD-7561565E7F0C}.Release|Any CPU.Build.0 = Release|Any CPU
		{34405E1F-DE4A-4039-8D16-630E3B231320}.Debug|Any CPU.ActiveCfg = Debug|Any CPU
		{34405E1F-DE4A-4039-8D16-630E3B231320}.Debug|Any CPU.Build.0 = Debug|Any CPU
		{34405E1F-DE4A-4039-8D16-630E3B231320}.Release|Any CPU.ActiveCfg = Release|Any CPU
		{34405E1F-DE4A-4039-8D16-630E3B231320}.Release|Any CPU.Build.0 = Release|Any CPU
		{71F018A5-14C7-4178-9491-106ACFAFFB77}.Debug|Any CPU.ActiveCfg = Debug|Any CPU
		{71F018A5-14C7-4178-9491-106ACFAFFB77}.Debug|Any CPU.Build.0 = Debug|Any CPU
		{71F018A5-14C7-4178-9491-106ACFAFFB77}.Release|Any CPU.ActiveCfg = Release|Any CPU
		{71F018A5-14C7-4178-9491-106ACFAFFB77}.Release|Any CPU.Build.0 = Release|Any CPU
		{8523BDC3-F450-46F2-A032-1257A72EAB3F}.Debug|Any CPU.ActiveCfg = Debug|Any CPU
		{8523BDC3-F450-46F2-A032-1257A72EAB3F}.Debug|Any CPU.Build.0 = Debug|Any CPU
		{8523BDC3-F450-46F2-A032-1257A72EAB3F}.Release|Any CPU.ActiveCfg = Release|Any CPU
		{8523BDC3-F450-46F2-A032-1257A72EAB3F}.Release|Any CPU.Build.0 = Release|Any CPU
	EndGlobalSection
	GlobalSection(SolutionProperties) = preSolution
		HideSolutionNode = FALSE
	EndGlobalSection
	GlobalSection(NestedProjects) = preSolution
		{33E58E87-2E95-4C34-9A51-17B35428FD0A} = {26770EE8-743C-4940-A406-F81143D61061}
		{B5C0CD44-630B-4A59-AC6A-90DD07577426} = {26770EE8-743C-4940-A406-F81143D61061}
		{4166A065-5901-48EF-A6C3-92C751F21597} = {26770EE8-743C-4940-A406-F81143D61061}
		{9FB49BF9-F198-4EE0-8742-D0089E2DEE22} = {26770EE8-743C-4940-A406-F81143D61061}
		{42171D71-8403-44C3-B571-80B8B140DCC0} = {26770EE8-743C-4940-A406-F81143D61061}
		{CE597756-3B11-453A-AF67-2003BD8A0CDF} = {26770EE8-743C-4940-A406-F81143D61061}
		{8906C83B-2948-4507-9EB5-6C4C7CCEFDDE} = {A999BC5C-DC20-48DB-A69F-3290DE14F2BE}
		{A8E6B447-7F8F-4D12-8FCD-7561565E7F0C} = {A999BC5C-DC20-48DB-A69F-3290DE14F2BE}
		{34405E1F-DE4A-4039-8D16-630E3B231320} = {26770EE8-743C-4940-A406-F81143D61061}
		{71F018A5-14C7-4178-9491-106ACFAFFB77} = {26770EE8-743C-4940-A406-F81143D61061}
		{8523BDC3-F450-46F2-A032-1257A72EAB3F} = {26770EE8-743C-4940-A406-F81143D61061}
	EndGlobalSection
	GlobalSection(ExtensibilityGlobals) = postSolution
		SolutionGuid = {E974510A-274D-4FC7-A6C1-66D5FC14ACEB}
	EndGlobalSection
EndGlobal
